// !$*UTF8*$!
{
	archiveVersion = 1;
	classes = {
	};
	objectVersion = 56;
	objects = {

/* Begin PBXBuildFile section */
		35148AA82C44979A006F50F1 /* AppDelegate.swift in Sources */ = {isa = PBXBuildFile; fileRef = 35148AA72C44979A006F50F1 /* AppDelegate.swift */; };
		35148AAA2C44979A006F50F1 /* SceneDelegate.swift in Sources */ = {isa = PBXBuildFile; fileRef = 35148AA92C44979A006F50F1 /* SceneDelegate.swift */; };
		35148AAC2C44979A006F50F1 /* ViewController.swift in Sources */ = {isa = PBXBuildFile; fileRef = 35148AAB2C44979A006F50F1 /* ViewController.swift */; };
		35148AAF2C44979A006F50F1 /* Main.storyboard in Resources */ = {isa = PBXBuildFile; fileRef = 35148AAD2C44979A006F50F1 /* Main.storyboard */; };
		35148AB12C44979E006F50F1 /* Assets.xcassets in Resources */ = {isa = PBXBuildFile; fileRef = 35148AB02C44979E006F50F1 /* Assets.xcassets */; };
		35148AB42C44979E006F50F1 /* LaunchScreen.storyboard in Resources */ = {isa = PBXBuildFile; fileRef = 35148AB22C44979E006F50F1 /* LaunchScreen.storyboard */; };
		35148ABF2C44979F006F50F1 /* superSenhaTests.swift in Sources */ = {isa = PBXBuildFile; fileRef = 35148ABE2C44979F006F50F1 /* superSenhaTests.swift */; };
		35148AC92C44979F006F50F1 /* superSenhaUITests.swift in Sources */ = {isa = PBXBuildFile; fileRef = 35148AC82C44979F006F50F1 /* superSenhaUITests.swift */; };
		35148ACB2C44979F006F50F1 /* superSenhaUITestsLaunchTests.swift in Sources */ = {isa = PBXBuildFile; fileRef = 35148ACA2C44979F006F50F1 /* superSenhaUITestsLaunchTests.swift */; };
		35B8F4472C488B9C0011FF0F /* PasswordsViewController.swift in Sources */ = {isa = PBXBuildFile; fileRef = 35B8F4462C488B9C0011FF0F /* PasswordsViewController.swift */; };
		35B8F4492C488E230011FF0F /* SecurityViewController.swift in Sources */ = {isa = PBXBuildFile; fileRef = 35B8F4482C488E230011FF0F /* SecurityViewController.swift */; };
		35B8F44B2C488F810011FF0F /* PasswordGenerator.swift in Sources */ = {isa = PBXBuildFile; fileRef = 35B8F44A2C488F810011FF0F /* PasswordGenerator.swift */; };
/* End PBXBuildFile section */

/* Begin PBXContainerItemProxy section */
		35148ABB2C44979F006F50F1 /* PBXContainerItemProxy */ = {
			isa = PBXContainerItemProxy;
			containerPortal = 35148A9C2C44979A006F50F1 /* Project object */;
			proxyType = 1;
			remoteGlobalIDString = 35148AA32C44979A006F50F1;
			remoteInfo = superSenha;
		};
		35148AC52C44979F006F50F1 /* PBXContainerItemProxy */ = {
			isa = PBXContainerItemProxy;
			containerPortal = 35148A9C2C44979A006F50F1 /* Project object */;
			proxyType = 1;
			remoteGlobalIDString = 35148AA32C44979A006F50F1;
			remoteInfo = superSenha;
		};
/* End PBXContainerItemProxy section */

/* Begin PBXFileReference section */
		35148AA42C44979A006F50F1 /* superSenha.app */ = {isa = PBXFileReference; explicitFileType = wrapper.application; includeInIndex = 0; path = superSenha.app; sourceTree = BUILT_PRODUCTS_DIR; };
		35148AA72C44979A006F50F1 /* AppDelegate.swift */ = {isa = PBXFileReference; lastKnownFileType = sourcecode.swift; path = AppDelegate.swift; sourceTree = "<group>"; };
		35148AA92C44979A006F50F1 /* SceneDelegate.swift */ = {isa = PBXFileReference; lastKnownFileType = sourcecode.swift; path = SceneDelegate.swift; sourceTree = "<group>"; };
		35148AAB2C44979A006F50F1 /* ViewController.swift */ = {isa = PBXFileReference; lastKnownFileType = sourcecode.swift; path = ViewController.swift; sourceTree = "<group>"; };
		35148AAE2C44979A006F50F1 /* Base */ = {isa = PBXFileReference; lastKnownFileType = file.storyboard; name = Base; path = Base.lproj/Main.storyboard; sourceTree = "<group>"; };
		35148AB02C44979E006F50F1 /* Assets.xcassets */ = {isa = PBXFileReference; lastKnownFileType = folder.assetcatalog; path = Assets.xcassets; sourceTree = "<group>"; };
		35148AB32C44979E006F50F1 /* Base */ = {isa = PBXFileReference; lastKnownFileType = file.storyboard; name = Base; path = Base.lproj/LaunchScreen.storyboard; sourceTree = "<group>"; };
		35148AB52C44979E006F50F1 /* Info.plist */ = {isa = PBXFileReference; lastKnownFileType = text.plist.xml; path = Info.plist; sourceTree = "<group>"; };
		35148ABA2C44979F006F50F1 /* superSenhaTests.xctest */ = {isa = PBXFileReference; explicitFileType = wrapper.cfbundle; includeInIndex = 0; path = superSenhaTests.xctest; sourceTree = BUILT_PRODUCTS_DIR; };
		35148ABE2C44979F006F50F1 /* superSenhaTests.swift */ = {isa = PBXFileReference; lastKnownFileType = sourcecode.swift; path = superSenhaTests.swift; sourceTree = "<group>"; };
		35148AC42C44979F006F50F1 /* superSenhaUITests.xctest */ = {isa = PBXFileReference; explicitFileType = wrapper.cfbundle; includeInIndex = 0; path = superSenhaUITests.xctest; sourceTree = BUILT_PRODUCTS_DIR; };
		35148AC82C44979F006F50F1 /* superSenhaUITests.swift */ = {isa = PBXFileReference; lastKnownFileType = sourcecode.swift; path = superSenhaUITests.swift; sourceTree = "<group>"; };
		35148ACA2C44979F006F50F1 /* superSenhaUITestsLaunchTests.swift */ = {isa = PBXFileReference; lastKnownFileType = sourcecode.swift; path = superSenhaUITestsLaunchTests.swift; sourceTree = "<group>"; };
		35B8F4462C488B9C0011FF0F /* PasswordsViewController.swift */ = {isa = PBXFileReference; lastKnownFileType = sourcecode.swift; path = PasswordsViewController.swift; sourceTree = "<group>"; };
		35B8F4482C488E230011FF0F /* SecurityViewController.swift */ = {isa = PBXFileReference; lastKnownFileType = sourcecode.swift; path = SecurityViewController.swift; sourceTree = "<group>"; };
		35B8F44A2C488F810011FF0F /* PasswordGenerator.swift */ = {isa = PBXFileReference; lastKnownFileType = sourcecode.swift; path = PasswordGenerator.swift; sourceTree = "<group>"; };
/* End PBXFileReference section */

/* Begin PBXFrameworksBuildPhase section */
		35148AA12C44979A006F50F1 /* Frameworks */ = {
			isa = PBXFrameworksBuildPhase;
			buildActionMask = 2147483647;
			files = (
			);
			runOnlyForDeploymentPostprocessing = 0;
		};
		35148AB72C44979F006F50F1 /* Frameworks */ = {
			isa = PBXFrameworksBuildPhase;
			buildActionMask = 2147483647;
			files = (
			);
			runOnlyForDeploymentPostprocessing = 0;
		};
		35148AC12C44979F006F50F1 /* Frameworks */ = {
			isa = PBXFrameworksBuildPhase;
			buildActionMask = 2147483647;
			files = (
			);
			runOnlyForDeploymentPostprocessing = 0;
		};
/* End PBXFrameworksBuildPhase section */

/* Begin PBXGroup section */
		35148A9B2C44979A006F50F1 = {
			isa = PBXGroup;
			children = (
				35148AA62C44979A006F50F1 /* superSenha */,
				35148ABD2C44979F006F50F1 /* superSenhaTests */,
				35148AC72C44979F006F50F1 /* superSenhaUITests */,
				35148AA52C44979A006F50F1 /* Products */,
			);
			sourceTree = "<group>";
		};
		35148AA52C44979A006F50F1 /* Products */ = {
			isa = PBXGroup;
			children = (
				35148AA42C44979A006F50F1 /* superSenha.app */,
				35148ABA2C44979F006F50F1 /* superSenhaTests.xctest */,
				35148AC42C44979F006F50F1 /* superSenhaUITests.xctest */,
			);
			name = Products;
			sourceTree = "<group>";
		};
		35148AA62C44979A006F50F1 /* superSenha */ = {
			isa = PBXGroup;
			children = (
				35148AA72C44979A006F50F1 /* AppDelegate.swift */,
				35148AA92C44979A006F50F1 /* SceneDelegate.swift */,
				35148AAB2C44979A006F50F1 /* ViewController.swift */,
				35148AAD2C44979A006F50F1 /* Main.storyboard */,
				35B8F44A2C488F810011FF0F /* PasswordGenerator.swift */,
				35B8F4482C488E230011FF0F /* SecurityViewController.swift */,
				35B8F4462C488B9C0011FF0F /* PasswordsViewController.swift */,
				35148AB02C44979E006F50F1 /* Assets.xcassets */,
				35148AB22C44979E006F50F1 /* LaunchScreen.storyboard */,
				35148AB52C44979E006F50F1 /* Info.plist */,
			);
			path = superSenha;
			sourceTree = "<group>";
		};
		35148ABD2C44979F006F50F1 /* superSenhaTests */ = {
			isa = PBXGroup;
			children = (
				35148ABE2C44979F006F50F1 /* superSenhaTests.swift */,
			);
			path = superSenhaTests;
			sourceTree = "<group>";
		};
		35148AC72C44979F006F50F1 /* superSenhaUITests */ = {
			isa = PBXGroup;
			children = (
				35148AC82C44979F006F50F1 /* superSenhaUITests.swift */,
				35148ACA2C44979F006F50F1 /* superSenhaUITestsLaunchTests.swift */,
			);
			path = superSenhaUITests;
			sourceTree = "<group>";
		};
/* End PBXGroup section */

/* Begin PBXNativeTarget section */
		35148AA32C44979A006F50F1 /* superSenha */ = {
			isa = PBXNativeTarget;
			buildConfigurationList = 35148ACE2C44979F006F50F1 /* Build configuration list for PBXNativeTarget "superSenha" */;
			buildPhases = (
				35148AA02C44979A006F50F1 /* Sources */,
				35148AA12C44979A006F50F1 /* Frameworks */,
				35148AA22C44979A006F50F1 /* Resources */,
			);
			buildRules = (
			);
			dependencies = (
			);
			name = superSenha;
			productName = superSenha;
			productReference = 35148AA42C44979A006F50F1 /* superSenha.app */;
			productType = "com.apple.product-type.application";
		};
		35148AB92C44979F006F50F1 /* superSenhaTests */ = {
			isa = PBXNativeTarget;
			buildConfigurationList = 35148AD12C44979F006F50F1 /* Build configuration list for PBXNativeTarget "superSenhaTests" */;
			buildPhases = (
				35148AB62C44979F006F50F1 /* Sources */,
				35148AB72C44979F006F50F1 /* Frameworks */,
				35148AB82C44979F006F50F1 /* Resources */,
			);
			buildRules = (
			);
			dependencies = (
				35148ABC2C44979F006F50F1 /* PBXTargetDependency */,
			);
			name = superSenhaTests;
			productName = superSenhaTests;
			productReference = 35148ABA2C44979F006F50F1 /* superSenhaTests.xctest */;
			productType = "com.apple.product-type.bundle.unit-test";
		};
		35148AC32C44979F006F50F1 /* superSenhaUITests */ = {
			isa = PBXNativeTarget;
			buildConfigurationList = 35148AD42C44979F006F50F1 /* Build configuration list for PBXNativeTarget "superSenhaUITests" */;
			buildPhases = (
				35148AC02C44979F006F50F1 /* Sources */,
				35148AC12C44979F006F50F1 /* Frameworks */,
				35148AC22C44979F006F50F1 /* Resources */,
			);
			buildRules = (
			);
			dependencies = (
				35148AC62C44979F006F50F1 /* PBXTargetDependency */,
			);
			name = superSenhaUITests;
			productName = superSenhaUITests;
			productReference = 35148AC42C44979F006F50F1 /* superSenhaUITests.xctest */;
			productType = "com.apple.product-type.bundle.ui-testing";
		};
/* End PBXNativeTarget section */

/* Begin PBXProject section */
		35148A9C2C44979A006F50F1 /* Project object */ = {
			isa = PBXProject;
			attributes = {
				BuildIndependentTargetsInParallel = 1;
				LastSwiftUpdateCheck = 1420;
				LastUpgradeCheck = 1420;
				TargetAttributes = {
					35148AA32C44979A006F50F1 = {
						CreatedOnToolsVersion = 14.2;
					};
					35148AB92C44979F006F50F1 = {
						CreatedOnToolsVersion = 14.2;
						TestTargetID = 35148AA32C44979A006F50F1;
					};
					35148AC32C44979F006F50F1 = {
						CreatedOnToolsVersion = 14.2;
						TestTargetID = 35148AA32C44979A006F50F1;
					};
				};
			};
			buildConfigurationList = 35148A9F2C44979A006F50F1 /* Build configuration list for PBXProject "superSenha" */;
			compatibilityVersion = "Xcode 14.0";
			developmentRegion = en;
			hasScannedForEncodings = 0;
			knownRegions = (
				en,
				Base,
			);
			mainGroup = 35148A9B2C44979A006F50F1;
			productRefGroup = 35148AA52C44979A006F50F1 /* Products */;
			projectDirPath = "";
			projectRoot = "";
			targets = (
				35148AA32C44979A006F50F1 /* superSenha */,
				35148AB92C44979F006F50F1 /* superSenhaTests */,
				35148AC32C44979F006F50F1 /* superSenhaUITests */,
			);
		};
/* End PBXProject section */

/* Begin PBXResourcesBuildPhase section */
		35148AA22C44979A006F50F1 /* Resources */ = {
			isa = PBXResourcesBuildPhase;
			buildActionMask = 2147483647;
			files = (
				35148AB42C44979E006F50F1 /* LaunchScreen.storyboard in Resources */,
				35148AB12C44979E006F50F1 /* Assets.xcassets in Resources */,
				35148AAF2C44979A006F50F1 /* Main.storyboard in Resources */,
			);
			runOnlyForDeploymentPostprocessing = 0;
		};
		35148AB82C44979F006F50F1 /* Resources */ = {
			isa = PBXResourcesBuildPhase;
			buildActionMask = 2147483647;
			files = (
			);
			runOnlyForDeploymentPostprocessing = 0;
		};
		35148AC22C44979F006F50F1 /* Resources */ = {
			isa = PBXResourcesBuildPhase;
			buildActionMask = 2147483647;
			files = (
			);
			runOnlyForDeploymentPostprocessing = 0;
		};
/* End PBXResourcesBuildPhase section */

/* Begin PBXSourcesBuildPhase section */
		35148AA02C44979A006F50F1 /* Sources */ = {
			isa = PBXSourcesBuildPhase;
			buildActionMask = 2147483647;
			files = (
				35148AAC2C44979A006F50F1 /* ViewController.swift in Sources */,
				35B8F4472C488B9C0011FF0F /* PasswordsViewController.swift in Sources */,
				35B8F44B2C488F810011FF0F /* PasswordGenerator.swift in Sources */,
				35148AA82C44979A006F50F1 /* AppDelegate.swift in Sources */,
				35B8F4492C488E230011FF0F /* SecurityViewController.swift in Sources */,
				35148AAA2C44979A006F50F1 /* SceneDelegate.swift in Sources */,
			);
			runOnlyForDeploymentPostprocessing = 0;
		};
		35148AB62C44979F006F50F1 /* Sources */ = {
			isa = PBXSourcesBuildPhase;
			buildActionMask = 2147483647;
			files = (
				35148ABF2C44979F006F50F1 /* superSenhaTests.swift in Sources */,
			);
			runOnlyForDeploymentPostprocessing = 0;
		};
		35148AC02C44979F006F50F1 /* Sources */ = {
			isa = PBXSourcesBuildPhase;
			buildActionMask = 2147483647;
			files = (
				35148ACB2C44979F006F50F1 /* superSenhaUITestsLaunchTests.swift in Sources */,
				35148AC92C44979F006F50F1 /* superSenhaUITests.swift in Sources */,
			);
			runOnlyForDeploymentPostprocessing = 0;
		};
/* End PBXSourcesBuildPhase section */

/* Begin PBXTargetDependency section */
		35148ABC2C44979F006F50F1 /* PBXTargetDependency */ = {
			isa = PBXTargetDependency;
			target = 35148AA32C44979A006F50F1 /* superSenha */;
			targetProxy = 35148ABB2C44979F006F50F1 /* PBXContainerItemProxy */;
		};
		35148AC62C44979F006F50F1 /* PBXTargetDependency */ = {
			isa = PBXTargetDependency;
			target = 35148AA32C44979A006F50F1 /* superSenha */;
			targetProxy = 35148AC52C44979F006F50F1 /* PBXContainerItemProxy */;
		};
/* End PBXTargetDependency section */

/* Begin PBXVariantGroup section */
		35148AAD2C44979A006F50F1 /* Main.storyboard */ = {
			isa = PBXVariantGroup;
			children = (
				35148AAE2C44979A006F50F1 /* Base */,
			);
			name = Main.storyboard;
			sourceTree = "<group>";
		};
		35148AB22C44979E006F50F1 /* LaunchScreen.storyboard */ = {
			isa = PBXVariantGroup;
			children = (
				35148AB32C44979E006F50F1 /* Base */,
			);
			name = LaunchScreen.storyboard;
			sourceTree = "<group>";
		};
/* End PBXVariantGroup section */

/* Begin XCBuildConfiguration section */
		35148ACC2C44979F006F50F1 /* Debug */ = {
			isa = XCBuildConfiguration;
			buildSettings = {
				ALWAYS_SEARCH_USER_PATHS = NO;
				CLANG_ANALYZER_NONNULL = YES;
				CLANG_ANALYZER_NUMBER_OBJECT_CONVERSION = YES_AGGRESSIVE;
				CLANG_CXX_LANGUAGE_STANDARD = "gnu++20";
				CLANG_ENABLE_MODULES = YES;
				CLANG_ENABLE_OBJC_ARC = YES;
				CLANG_ENABLE_OBJC_WEAK = YES;
				CLANG_WARN_BLOCK_CAPTURE_AUTORELEASING = YES;
				CLANG_WARN_BOOL_CONVERSION = YES;
				CLANG_WARN_COMMA = YES;
				CLANG_WARN_CONSTANT_CONVERSION = YES;
				CLANG_WARN_DEPRECATED_OBJC_IMPLEMENTATIONS = YES;
				CLANG_WARN_DIRECT_OBJC_ISA_USAGE = YES_ERROR;
				CLANG_WARN_DOCUMENTATION_COMMENTS = YES;
				CLANG_WARN_EMPTY_BODY = YES;
				CLANG_WARN_ENUM_CONVERSION = YES;
				CLANG_WARN_INFINITE_RECURSION = YES;
				CLANG_WARN_INT_CONVERSION = YES;
				CLANG_WARN_NON_LITERAL_NULL_CONVERSION = YES;
				CLANG_WARN_OBJC_IMPLICIT_RETAIN_SELF = YES;
				CLANG_WARN_OBJC_LITERAL_CONVERSION = YES;
				CLANG_WARN_OBJC_ROOT_CLASS = YES_ERROR;
				CLANG_WARN_QUOTED_INCLUDE_IN_FRAMEWORK_HEADER = YES;
				CLANG_WARN_RANGE_LOOP_ANALYSIS = YES;
				CLANG_WARN_STRICT_PROTOTYPES = YES;
				CLANG_WARN_SUSPICIOUS_MOVE = YES;
				CLANG_WARN_UNGUARDED_AVAILABILITY = YES_AGGRESSIVE;
				CLANG_WARN_UNREACHABLE_CODE = YES;
				CLANG_WARN__DUPLICATE_METHOD_MATCH = YES;
				COPY_PHASE_STRIP = NO;
				DEBUG_INFORMATION_FORMAT = dwarf;
				ENABLE_STRICT_OBJC_MSGSEND = YES;
				ENABLE_TESTABILITY = YES;
				GCC_C_LANGUAGE_STANDARD = gnu11;
				GCC_DYNAMIC_NO_PIC = NO;
				GCC_NO_COMMON_BLOCKS = YES;
				GCC_OPTIMIZATION_LEVEL = 0;
				GCC_PREPROCESSOR_DEFINITIONS = (
					"DEBUG=1",
					"$(inherited)",
				);
				GCC_WARN_64_TO_32_BIT_CONVERSION = YES;
				GCC_WARN_ABOUT_RETURN_TYPE = YES_ERROR;
				GCC_WARN_UNDECLARED_SELECTOR = YES;
				GCC_WARN_UNINITIALIZED_AUTOS = YES_AGGRESSIVE;
				GCC_WARN_UNUSED_FUNCTION = YES;
				GCC_WARN_UNUSED_VARIABLE = YES;
				IPHONEOS_DEPLOYMENT_TARGET = 16.2;
				MTL_ENABLE_DEBUG_INFO = INCLUDE_SOURCE;
				MTL_FAST_MATH = YES;
				ONLY_ACTIVE_ARCH = YES;
				SDKROOT = iphoneos;
				SWIFT_ACTIVE_COMPILATION_CONDITIONS = DEBUG;
				SWIFT_OPTIMIZATION_LEVEL = "-Onone";
			};
			name = Debug;
		};
		35148ACD2C44979F006F50F1 /* Release */ = {
			isa = XCBuildConfiguration;
			buildSettings = {
				ALWAYS_SEARCH_USER_PATHS = NO;
				CLANG_ANALYZER_NONNULL = YES;
				CLANG_ANALYZER_NUMBER_OBJECT_CONVERSION = YES_AGGRESSIVE;
				CLANG_CXX_LANGUAGE_STANDARD = "gnu++20";
				CLANG_ENABLE_MODULES = YES;
				CLANG_ENABLE_OBJC_ARC = YES;
				CLANG_ENABLE_OBJC_WEAK = YES;
				CLANG_WARN_BLOCK_CAPTURE_AUTORELEASING = YES;
				CLANG_WARN_BOOL_CONVERSION = YES;
				CLANG_WARN_COMMA = YES;
				CLANG_WARN_CONSTANT_CONVERSION = YES;
				CLANG_WARN_DEPRECATED_OBJC_IMPLEMENTATIONS = YES;
				CLANG_WARN_DIRECT_OBJC_ISA_USAGE = YES_ERROR;
				CLANG_WARN_DOCUMENTATION_COMMENTS = YES;
				CLANG_WARN_EMPTY_BODY = YES;
				CLANG_WARN_ENUM_CONVERSION = YES;
				CLANG_WARN_INFINITE_RECURSION = YES;
				CLANG_WARN_INT_CONVERSION = YES;
				CLANG_WARN_NON_LITERAL_NULL_CONVERSION = YES;
				CLANG_WARN_OBJC_IMPLICIT_RETAIN_SELF = YES;
				CLANG_WARN_OBJC_LITERAL_CONVERSION = YES;
				CLANG_WARN_OBJC_ROOT_CLASS = YES_ERROR;
				CLANG_WARN_QUOTED_INCLUDE_IN_FRAMEWORK_HEADER = YES;
				CLANG_WARN_RANGE_LOOP_ANALYSIS = YES;
				CLANG_WARN_STRICT_PROTOTYPES = YES;
				CLANG_WARN_SUSPICIOUS_MOVE = YES;
				CLANG_WARN_UNGUARDED_AVAILABILITY = YES_AGGRESSIVE;
				CLANG_WARN_UNREACHABLE_CODE = YES;
				CLANG_WARN__DUPLICATE_METHOD_MATCH = YES;
				COPY_PHASE_STRIP = NO;
				DEBUG_INFORMATION_FORMAT = "dwarf-with-dsym";
				ENABLE_NS_ASSERTIONS = NO;
				ENABLE_STRICT_OBJC_MSGSEND = YES;
				GCC_C_LANGUAGE_STANDARD = gnu11;
				GCC_NO_COMMON_BLOCKS = YES;
				GCC_WARN_64_TO_32_BIT_CONVERSION = YES;
				GCC_WARN_ABOUT_RETURN_TYPE = YES_ERROR;
				GCC_WARN_UNDECLARED_SELECTOR = YES;
				GCC_WARN_UNINITIALIZED_AUTOS = YES_AGGRESSIVE;
				GCC_WARN_UNUSED_FUNCTION = YES;
				GCC_WARN_UNUSED_VARIABLE = YES;
				IPHONEOS_DEPLOYMENT_TARGET = 16.2;
				MTL_ENABLE_DEBUG_INFO = NO;
				MTL_FAST_MATH = YES;
				SDKROOT = iphoneos;
				SWIFT_COMPILATION_MODE = wholemodule;
				SWIFT_OPTIMIZATION_LEVEL = "-O";
				VALIDATE_PRODUCT = YES;
			};
			name = Release;
		};
		35148ACF2C44979F006F50F1 /* Debug */ = {
			isa = XCBuildConfiguration;
			buildSettings = {
				ASSETCATALOG_COMPILER_APPICON_NAME = AppIcon;
				ASSETCATALOG_COMPILER_GLOBAL_ACCENT_COLOR_NAME = AccentColor;
				CODE_SIGN_STYLE = Automatic;
				CURRENT_PROJECT_VERSION = 1;
				DEVELOPMENT_TEAM = 6DDMRMR64Y;
				GENERATE_INFOPLIST_FILE = YES;
				INFOPLIST_FILE = superSenha/Info.plist;
				INFOPLIST_KEY_UIApplicationSupportsIndirectInputEvents = YES;
				INFOPLIST_KEY_UILaunchStoryboardName = LaunchScreen;
				INFOPLIST_KEY_UIMainStoryboardFile = Main;
				INFOPLIST_KEY_UISupportedInterfaceOrientations = UIInterfaceOrientationPortrait;
				INFOPLIST_KEY_UISupportedInterfaceOrientations_iPad = "UIInterfaceOrientationLandscapeLeft UIInterfaceOrientationLandscapeRight UIInterfaceOrientationPortrait UIInterfaceOrientationPortraitUpsideDown";
				LD_RUNPATH_SEARCH_PATHS = (
					"$(inherited)",
					"@executable_path/Frameworks",
				);
				MARKETING_VERSION = 1.0;
				PRODUCT_BUNDLE_IDENTIFIER = com.nycolaswilliam.app.superSenha;
				PRODUCT_NAME = "$(TARGET_NAME)";
				SUPPORTED_PLATFORMS = "iphoneos iphonesimulator";
				SUPPORTS_MACCATALYST = NO;
				SUPPORTS_MAC_DESIGNED_FOR_IPHONE_IPAD = NO;
				SWIFT_EMIT_LOC_STRINGS = YES;
				SWIFT_VERSION = 5.0;
				TARGETED_DEVICE_FAMILY = 1;
			};
			name = Debug;
		};
		35148AD02C44979F006F50F1 /* Release */ = {
			isa = XCBuildConfiguration;
			buildSettings = {
				ASSETCATALOG_COMPILER_APPICON_NAME = AppIcon;
				ASSETCATALOG_COMPILER_GLOBAL_ACCENT_COLOR_NAME = AccentColor;
				CODE_SIGN_STYLE = Automatic;
				CURRENT_PROJECT_VERSION = 1;
				DEVELOPMENT_TEAM = 6DDMRMR64Y;
				GENERATE_INFOPLIST_FILE = YES;
				INFOPLIST_FILE = superSenha/Info.plist;
				INFOPLIST_KEY_UIApplicationSupportsIndirectInputEvents = YES;
				INFOPLIST_KEY_UILaunchStoryboardName = LaunchScreen;
				INFOPLIST_KEY_UIMainStoryboardFile = Main;
				INFOPLIST_KEY_UISupportedInterfaceOrientations = UIInterfaceOrientationPortrait;
				INFOPLIST_KEY_UISupportedInterfaceOrientations_iPad = "UIInterfaceOrientationLandscapeLeft UIInterfaceOrientationLandscapeRight UIInterfaceOrientationPortrait UIInterfaceOrientationPortraitUpsideDown";
				LD_RUNPATH_SEARCH_PATHS = (
					"$(inherited)",
					"@executable_path/Frameworks",
				);
				MARKETING_VERSION = 1.0;
				PRODUCT_BUNDLE_IDENTIFIER = com.nycolaswilliam.app.superSenha;
				PRODUCT_NAME = "$(TARGET_NAME)";
				SUPPORTED_PLATFORMS = "iphoneos iphonesimulator";
				SUPPORTS_MACCATALYST = NO;
				SUPPORTS_MAC_DESIGNED_FOR_IPHONE_IPAD = NO;
				SWIFT_EMIT_LOC_STRINGS = YES;
				SWIFT_VERSION = 5.0;
				TARGETED_DEVICE_FAMILY = 1;
			};
			name = Release;
		};
		35148AD22C44979F006F50F1 /* Debug */ = {
			isa = XCBuildConfiguration;
			buildSettings = {
				ALWAYS_EMBED_SWIFT_STANDARD_LIBRARIES = YES;
				BUNDLE_LOADER = "$(TEST_HOST)";
				CODE_SIGN_STYLE = Automatic;
				CURRENT_PROJECT_VERSION = 1;
				DEVELOPMENT_TEAM = 6DDMRMR64Y;
				GENERATE_INFOPLIST_FILE = YES;
				IPHONEOS_DEPLOYMENT_TARGET = 16.2;
				MARKETING_VERSION = 1.0;
				PRODUCT_BUNDLE_IDENTIFIER = com.nycolaswilliam.app.superSenhaTests;
				PRODUCT_NAME = "$(TARGET_NAME)";
				SWIFT_EMIT_LOC_STRINGS = NO;
				SWIFT_VERSION = 5.0;
				TARGETED_DEVICE_FAMILY = "1,2";
				TEST_HOST = "$(BUILT_PRODUCTS_DIR)/superSenha.app/$(BUNDLE_EXECUTABLE_FOLDER_PATH)/superSenha";
			};
			name = Debug;
		};
		35148AD32C44979F006F50F1 /* Release */ = {
			isa = XCBuildConfiguration;
			buildSettings = {
				ALWAYS_EMBED_SWIFT_STANDARD_LIBRARIES = YES;
				BUNDLE_LOADER = "$(TEST_HOST)";
				CODE_SIGN_STYLE = Automatic;
				CURRENT_PROJECT_VERSION = 1;
				DEVELOPMENT_TEAM = 6DDMRMR64Y;
				GENERATE_INFOPLIST_FILE = YES;
				IPHONEOS_DEPLOYMENT_TARGET = 16.2;
				MARKETING_VERSION = 1.0;
				PRODUCT_BUNDLE_IDENTIFIER = com.nycolaswilliam.app.superSenhaTests;
				PRODUCT_NAME = "$(TARGET_NAME)";
				SWIFT_EMIT_LOC_STRINGS = NO;
				SWIFT_VERSION = 5.0;
				TARGETED_DEVICE_FAMILY = "1,2";
				TEST_HOST = "$(BUILT_PRODUCTS_DIR)/superSenha.app/$(BUNDLE_EXECUTABLE_FOLDER_PATH)/superSenha";
			};
			name = Release;
		};
		35148AD52C44979F006F50F1 /* Debug */ = {
			isa = XCBuildConfiguration;
			buildSettings = {
				ALWAYS_EMBED_SWIFT_STANDARD_LIBRARIES = YES;
				CODE_SIGN_STYLE = Automatic;
				CURRENT_PROJECT_VERSION = 1;
				DEVELOPMENT_TEAM = 6DDMRMR64Y;
				GENERATE_INFOPLIST_FILE = YES;
				MARKETING_VERSION = 1.0;
				PRODUCT_BUNDLE_IDENTIFIER = com.nycolaswilliam.app.superSenhaUITests;
				PRODUCT_NAME = "$(TARGET_NAME)";
				SWIFT_EMIT_LOC_STRINGS = NO;
				SWIFT_VERSION = 5.0;
				TARGETED_DEVICE_FAMILY = "1,2";
				TEST_TARGET_NAME = superSenha;
			};
			name = Debug;
		};
		35148AD62C44979F006F50F1 /* Release */ = {
			isa = XCBuildConfiguration;
			buildSettings = {
				ALWAYS_EMBED_SWIFT_STANDARD_LIBRARIES = YES;
				CODE_SIGN_STYLE = Automatic;
				CURRENT_PROJECT_VERSION = 1;
				DEVELOPMENT_TEAM = 6DDMRMR64Y;
				GENERATE_INFOPLIST_FILE = YES;
				MARKETING_VERSION = 1.0;
				PRODUCT_BUNDLE_IDENTIFIER = com.nycolaswilliam.app.superSenhaUITests;
				PRODUCT_NAME = "$(TARGET_NAME)";
				SWIFT_EMIT_LOC_STRINGS = NO;
				SWIFT_VERSION = 5.0;
				TARGETED_DEVICE_FAMILY = "1,2";
				TEST_TARGET_NAME = superSenha;
			};
			name = Release;
		};
/* End XCBuildConfiguration section */

/* Begin XCConfigurationList section */
		35148A9F2C44979A006F50F1 /* Build configuration list for PBXProject "superSenha" */ = {
			isa = XCConfigurationList;
			buildConfigurations = (
				35148ACC2C44979F006F50F1 /* Debug */,
				35148ACD2C44979F006F50F1 /* Release */,
			);
			defaultConfigurationIsVisible = 0;
			defaultConfigurationName = Release;
		};
		35148ACE2C44979F006F50F1 /* Build configuration list for PBXNativeTarget "superSenha" */ = {
			isa = XCConfigurationList;
			buildConfigurations = (
				35148ACF2C44979F006F50F1 /* Debug */,
				35148AD02C44979F006F50F1 /* Release */,
			);
			defaultConfigurationIsVisible = 0;
			defaultConfigurationName = Release;
		};
		35148AD12C44979F006F50F1 /* Build configuration list for PBXNativeTarget "superSenhaTests" */ = {
			isa = XCConfigurationList;
			buildConfigurations = (
				35148AD22C44979F006F50F1 /* Debug */,
				35148AD32C44979F006F50F1 /* Release */,
			);
			defaultConfigurationIsVisible = 0;
			defaultConfigurationName = Release;
		};
		35148AD42C44979F006F50F1 /* Build configuration list for PBXNativeTarget "superSenhaUITests" */ = {
			isa = XCConfigurationList;
			buildConfigurations = (
				35148AD52C44979F006F50F1 /* Debug */,
				35148AD62C44979F006F50F1 /* Release */,
			);
			defaultConfigurationIsVisible = 0;
			defaultConfigurationName = Release;
		};
/* End XCConfigurationList section */
	};
	rootObject = 35148A9C2C44979A006F50F1 /* Project object */;
}
